// !$*UTF8*$!
{
	archiveVersion = 1;
	classes = {
	};
	objectVersion = 46;
	objects = {

/* Begin PBXBuildFile section */
		0892E721F619C11C4568D8FB /* libPods.a in Frameworks */ = {isa = PBXBuildFile; fileRef = 8D2941A3B3720A5C90485765 /* libPods.a */; };
		201C8CC11BAD0668009469C0 /* BaseViewController.m in Sources */ = {isa = PBXBuildFile; fileRef = 201C8CC01BAD0668009469C0 /* BaseViewController.m */; };
		201C8CC41BAD07E8009469C0 /* dViewViewController.m in Sources */ = {isa = PBXBuildFile; fileRef = 201C8CC31BAD07E8009469C0 /* dViewViewController.m */; };
		204281B31BAD6C0E0098EF8B /* Launch Screen.xib in Resources */ = {isa = PBXBuildFile; fileRef = 204281B21BAD6C0E0098EF8B /* Launch Screen.xib */; };
		205DCF741BAC481F006AA13A /* main.m in Sources */ = {isa = PBXBuildFile; fileRef = 205DCF731BAC481F006AA13A /* main.m */; };
		205DCF771BAC481F006AA13A /* AppDelegate.m in Sources */ = {isa = PBXBuildFile; fileRef = 205DCF761BAC481F006AA13A /* AppDelegate.m */; };
		205DCF7D1BAC481F006AA13A /* Main.storyboard in Resources */ = {isa = PBXBuildFile; fileRef = 205DCF7B1BAC481F006AA13A /* Main.storyboard */; };
		205DCF7F1BAC481F006AA13A /* Assets.xcassets in Resources */ = {isa = PBXBuildFile; fileRef = 205DCF7E1BAC481F006AA13A /* Assets.xcassets */; };
		205DCF8C1BAC4BDB006AA13A /* HomeindexView.m in Sources */ = {isa = PBXBuildFile; fileRef = 205DCF8B1BAC4BDB006AA13A /* HomeindexView.m */; };
		2073125A1BAC5721008A0E97 /* 1.png in Resources */ = {isa = PBXBuildFile; fileRef = 207312561BAC5721008A0E97 /* 1.png */; };
		2073125B1BAC5721008A0E97 /* 2.png in Resources */ = {isa = PBXBuildFile; fileRef = 207312571BAC5721008A0E97 /* 2.png */; };
		2073125C1BAC5721008A0E97 /* 3.png in Resources */ = {isa = PBXBuildFile; fileRef = 207312581BAC5721008A0E97 /* 3.png */; };
		2073125D1BAC5721008A0E97 /* 4.png in Resources */ = {isa = PBXBuildFile; fileRef = 207312591BAC5721008A0E97 /* 4.png */; };
		2073125F1BAC5D20008A0E97 /* b@2x.png in Resources */ = {isa = PBXBuildFile; fileRef = 2073125E1BAC5D20008A0E97 /* b@2x.png */; };
		207312631BAC5EA0008A0E97 /* BaseTabBarViewController.m in Sources */ = {isa = PBXBuildFile; fileRef = 207312621BAC5EA0008A0E97 /* BaseTabBarViewController.m */; };
		207312681BAC7356008A0E97 /* BaseNavigationViewController.m in Sources */ = {isa = PBXBuildFile; fileRef = 207312671BAC7356008A0E97 /* BaseNavigationViewController.m */; };
		2073126B1BAC737B008A0E97 /* HomePageViewController.m in Sources */ = {isa = PBXBuildFile; fileRef = 2073126A1BAC737B008A0E97 /* HomePageViewController.m */; };
		2073126F1BAC7FF9008A0E97 /* HomePage2ViewController.m in Sources */ = {isa = PBXBuildFile; fileRef = 2073126E1BAC7FF9008A0E97 /* HomePage2ViewController.m */; };
		207312761BAC821A008A0E97 /* bgcolor.png in Resources */ = {isa = PBXBuildFile; fileRef = 207312711BAC821A008A0E97 /* bgcolor.png */; };
		207312771BAC821A008A0E97 /* bottom_d@2x.png in Resources */ = {isa = PBXBuildFile; fileRef = 207312721BAC821A008A0E97 /* bottom_d@2x.png */; };
		207312781BAC821A008A0E97 /* bottom_h@2x.png in Resources */ = {isa = PBXBuildFile; fileRef = 207312731BAC821A008A0E97 /* bottom_h@2x.png */; };
		207312791BAC821A008A0E97 /* bottom_m@2x.png in Resources */ = {isa = PBXBuildFile; fileRef = 207312741BAC821A008A0E97 /* bottom_m@2x.png */; };
		2073127A1BAC821A008A0E97 /* bottom_s@2x.png in Resources */ = {isa = PBXBuildFile; fileRef = 207312751BAC821A008A0E97 /* bottom_s@2x.png */; };
		2073127E1BAC8260008A0E97 /* bottom_tx_ip6.png in Resources */ = {isa = PBXBuildFile; fileRef = 2073127B1BAC8260008A0E97 /* bottom_tx_ip6.png */; };
		2073127F1BAC8260008A0E97 /* bottom_tx_ip6p.png in Resources */ = {isa = PBXBuildFile; fileRef = 2073127C1BAC8260008A0E97 /* bottom_tx_ip6p.png */; };
		207312801BAC8260008A0E97 /* bottom_tx.png in Resources */ = {isa = PBXBuildFile; fileRef = 2073127D1BAC8260008A0E97 /* bottom_tx.png */; };
		207312851BAC8351008A0E97 /* HomePage3ViewController.m in Sources */ = {isa = PBXBuildFile; fileRef = 207312841BAC8351008A0E97 /* HomePage3ViewController.m */; };
		207312881BAC8361008A0E97 /* HomePage4ViewController.m in Sources */ = {isa = PBXBuildFile; fileRef = 207312871BAC8361008A0E97 /* HomePage4ViewController.m */; };
		20F1DBAB1BAD628000B1836D /* navi_default_back@2x.png in Resources */ = {isa = PBXBuildFile; fileRef = 20F1DBAA1BAD628000B1836D /* navi_default_back@2x.png */; };
/* End PBXBuildFile section */

/* Begin PBXFileReference section */
		18AD1CCFEAA5B3F4772A1FE4 /* Pods.release.xcconfig */ = {isa = PBXFileReference; includeInIndex = 1; lastKnownFileType = text.xcconfig; name = Pods.release.xcconfig; path = "Pods/Target Support Files/Pods/Pods.release.xcconfig"; sourceTree = "<group>"; };
		201C8CBF1BAD0668009469C0 /* BaseViewController.h */ = {isa = PBXFileReference; fileEncoding = 4; lastKnownFileType = sourcecode.c.h; path = BaseViewController.h; sourceTree = "<group>"; };
		201C8CC01BAD0668009469C0 /* BaseViewController.m */ = {isa = PBXFileReference; fileEncoding = 4; lastKnownFileType = sourcecode.c.objc; path = BaseViewController.m; sourceTree = "<group>"; };
		201C8CC21BAD07E8009469C0 /* dViewViewController.h */ = {isa = PBXFileReference; fileEncoding = 4; lastKnownFileType = sourcecode.c.h; path = dViewViewController.h; sourceTree = "<group>"; };
		201C8CC31BAD07E8009469C0 /* dViewViewController.m */ = {isa = PBXFileReference; fileEncoding = 4; lastKnownFileType = sourcecode.c.objc; path = dViewViewController.m; sourceTree = "<group>"; };
		204281B21BAD6C0E0098EF8B /* Launch Screen.xib */ = {isa = PBXFileReference; fileEncoding = 4; lastKnownFileType = file.xib; path = "Launch Screen.xib"; sourceTree = "<group>"; };
		205DCF6F1BAC481F006AA13A /* PlamHome.app */ = {isa = PBXFileReference; explicitFileType = wrapper.application; includeInIndex = 0; path = PlamHome.app; sourceTree = BUILT_PRODUCTS_DIR; };
		205DCF731BAC481F006AA13A /* main.m */ = {isa = PBXFileReference; lastKnownFileType = sourcecode.c.objc; path = main.m; sourceTree = "<group>"; };
		205DCF751BAC481F006AA13A /* AppDelegate.h */ = {isa = PBXFileReference; lastKnownFileType = sourcecode.c.h; path = AppDelegate.h; sourceTree = "<group>"; };
		205DCF761BAC481F006AA13A /* AppDelegate.m */ = {isa = PBXFileReference; lastKnownFileType = sourcecode.c.objc; path = AppDelegate.m; sourceTree = "<group>"; };
		205DCF7C1BAC481F006AA13A /* Base */ = {isa = PBXFileReference; lastKnownFileType = file.storyboard; name = Base; path = Base.lproj/Main.storyboard; sourceTree = "<group>"; };
		205DCF7E1BAC481F006AA13A /* Assets.xcassets */ = {isa = PBXFileReference; lastKnownFileType = folder.assetcatalog; path = Assets.xcassets; sourceTree = "<group>"; };
		205DCF831BAC481F006AA13A /* Info.plist */ = {isa = PBXFileReference; lastKnownFileType = text.plist.xml; path = Info.plist; sourceTree = "<group>"; };
		205DCF8A1BAC4BDB006AA13A /* HomeindexView.h */ = {isa = PBXFileReference; fileEncoding = 4; lastKnownFileType = sourcecode.c.h; path = HomeindexView.h; sourceTree = "<group>"; };
		205DCF8B1BAC4BDB006AA13A /* HomeindexView.m */ = {isa = PBXFileReference; fileEncoding = 4; lastKnownFileType = sourcecode.c.objc; path = HomeindexView.m; sourceTree = "<group>"; };
		205DCF8E1BAC4D58006AA13A /* PrefixHeader.pch */ = {isa = PBXFileReference; lastKnownFileType = sourcecode.c.h; path = PrefixHeader.pch; sourceTree = "<group>"; };
		207312561BAC5721008A0E97 /* 1.png */ = {isa = PBXFileReference; lastKnownFileType = image.png; path = 1.png; sourceTree = "<group>"; };
		207312571BAC5721008A0E97 /* 2.png */ = {isa = PBXFileReference; lastKnownFileType = image.png; path = 2.png; sourceTree = "<group>"; };
		207312581BAC5721008A0E97 /* 3.png */ = {isa = PBXFileReference; lastKnownFileType = image.png; path = 3.png; sourceTree = "<group>"; };
		207312591BAC5721008A0E97 /* 4.png */ = {isa = PBXFileReference; lastKnownFileType = image.png; path = 4.png; sourceTree = "<group>"; };
		2073125E1BAC5D20008A0E97 /* b@2x.png */ = {isa = PBXFileReference; lastKnownFileType = image.png; path = "b@2x.png"; sourceTree = "<group>"; };
		207312611BAC5EA0008A0E97 /* BaseTabBarViewController.h */ = {isa = PBXFileReference; fileEncoding = 4; lastKnownFileType = sourcecode.c.h; path = BaseTabBarViewController.h; sourceTree = "<group>"; };
		207312621BAC5EA0008A0E97 /* BaseTabBarViewController.m */ = {isa = PBXFileReference; fileEncoding = 4; lastKnownFileType = sourcecode.c.objc; path = BaseTabBarViewController.m; sourceTree = "<group>"; };
		207312661BAC7356008A0E97 /* BaseNavigationViewController.h */ = {isa = PBXFileReference; fileEncoding = 4; lastKnownFileType = sourcecode.c.h; path = BaseNavigationViewController.h; sourceTree = "<group>"; };
		207312671BAC7356008A0E97 /* BaseNavigationViewController.m */ = {isa = PBXFileReference; fileEncoding = 4; lastKnownFileType = sourcecode.c.objc; path = BaseNavigationViewController.m; sourceTree = "<group>"; };
		207312691BAC737B008A0E97 /* HomePageViewController.h */ = {isa = PBXFileReference; fileEncoding = 4; lastKnownFileType = sourcecode.c.h; path = HomePageViewController.h; sourceTree = "<group>"; };
		2073126A1BAC737B008A0E97 /* HomePageViewController.m */ = {isa = PBXFileReference; fileEncoding = 4; lastKnownFileType = sourcecode.c.objc; path = HomePageViewController.m; sourceTree = "<group>"; };
		2073126D1BAC7FF9008A0E97 /* HomePage2ViewController.h */ = {isa = PBXFileReference; fileEncoding = 4; lastKnownFileType = sourcecode.c.h; path = HomePage2ViewController.h; sourceTree = "<group>"; };
		2073126E1BAC7FF9008A0E97 /* HomePage2ViewController.m */ = {isa = PBXFileReference; fileEncoding = 4; lastKnownFileType = sourcecode.c.objc; path = HomePage2ViewController.m; sourceTree = "<group>"; };
		207312711BAC821A008A0E97 /* bgcolor.png */ = {isa = PBXFileReference; lastKnownFileType = image.png; path = bgcolor.png; sourceTree = "<group>"; };
		207312721BAC821A008A0E97 /* bottom_d@2x.png */ = {isa = PBXFileReference; lastKnownFileType = image.png; path = "bottom_d@2x.png"; sourceTree = "<group>"; };
		207312731BAC821A008A0E97 /* bottom_h@2x.png */ = {isa = PBXFileReference; lastKnownFileType = image.png; path = "bottom_h@2x.png"; sourceTree = "<group>"; };
		207312741BAC821A008A0E97 /* bottom_m@2x.png */ = {isa = PBXFileReference; lastKnownFileType = image.png; path = "bottom_m@2x.png"; sourceTree = "<group>"; };
		207312751BAC821A008A0E97 /* bottom_s@2x.png */ = {isa = PBXFileReference; lastKnownFileType = image.png; path = "bottom_s@2x.png"; sourceTree = "<group>"; };
		2073127B1BAC8260008A0E97 /* bottom_tx_ip6.png */ = {isa = PBXFileReference; lastKnownFileType = image.png; path = bottom_tx_ip6.png; sourceTree = "<group>"; };
		2073127C1BAC8260008A0E97 /* bottom_tx_ip6p.png */ = {isa = PBXFileReference; lastKnownFileType = image.png; path = bottom_tx_ip6p.png; sourceTree = "<group>"; };
		2073127D1BAC8260008A0E97 /* bottom_tx.png */ = {isa = PBXFileReference; lastKnownFileType = image.png; path = bottom_tx.png; sourceTree = "<group>"; };
		207312831BAC8351008A0E97 /* HomePage3ViewController.h */ = {isa = PBXFileReference; fileEncoding = 4; lastKnownFileType = sourcecode.c.h; path = HomePage3ViewController.h; sourceTree = "<group>"; };
		207312841BAC8351008A0E97 /* HomePage3ViewController.m */ = {isa = PBXFileReference; fileEncoding = 4; lastKnownFileType = sourcecode.c.objc; path = HomePage3ViewController.m; sourceTree = "<group>"; };
		207312861BAC8361008A0E97 /* HomePage4ViewController.h */ = {isa = PBXFileReference; fileEncoding = 4; lastKnownFileType = sourcecode.c.h; path = HomePage4ViewController.h; sourceTree = "<group>"; };
		207312871BAC8361008A0E97 /* HomePage4ViewController.m */ = {isa = PBXFileReference; fileEncoding = 4; lastKnownFileType = sourcecode.c.objc; path = HomePage4ViewController.m; sourceTree = "<group>"; };
		20F1DBAA1BAD628000B1836D /* navi_default_back@2x.png */ = {isa = PBXFileReference; lastKnownFileType = image.png; path = "navi_default_back@2x.png"; sourceTree = "<group>"; };
		8D2941A3B3720A5C90485765 /* libPods.a */ = {isa = PBXFileReference; explicitFileType = archive.ar; includeInIndex = 0; path = libPods.a; sourceTree = BUILT_PRODUCTS_DIR; };
		D6780282194FB1C6DB7601B6 /* Pods.debug.xcconfig */ = {isa = PBXFileReference; includeInIndex = 1; lastKnownFileType = text.xcconfig; name = Pods.debug.xcconfig; path = "Pods/Target Support Files/Pods/Pods.debug.xcconfig"; sourceTree = "<group>"; };
/* End PBXFileReference section */

/* Begin PBXFrameworksBuildPhase section */
		205DCF6C1BAC481F006AA13A /* Frameworks */ = {
			isa = PBXFrameworksBuildPhase;
			buildActionMask = 2147483647;
			files = (
				0892E721F619C11C4568D8FB /* libPods.a in Frameworks */,
			);
			runOnlyForDeploymentPostprocessing = 0;
		};
/* End PBXFrameworksBuildPhase section */

/* Begin PBXGroup section */
		205DCF661BAC481F006AA13A = {
			isa = PBXGroup;
			children = (
				205DCF711BAC481F006AA13A /* PlamHome */,
				205DCF701BAC481F006AA13A /* Products */,
				7DC964754C7DC9079EE3A18D /* Pods */,
				2D2B2161AC63C599ABF3A637 /* Frameworks */,
			);
			sourceTree = "<group>";
		};
		205DCF701BAC481F006AA13A /* Products */ = {
			isa = PBXGroup;
			children = (
				205DCF6F1BAC481F006AA13A /* PlamHome.app */,
			);
			name = Products;
			sourceTree = "<group>";
		};
		205DCF711BAC481F006AA13A /* PlamHome */ = {
			isa = PBXGroup;
			children = (
				207312641BAC7255008A0E97 /* Controller */,
				207312541BAC56F1008A0E97 /* Images */,
				205DCF721BAC481F006AA13A /* Supporting Files */,
			);
			path = PlamHome;
			sourceTree = "<group>";
		};
		205DCF721BAC481F006AA13A /* Supporting Files */ = {
			isa = PBXGroup;
			children = (
				207312601BAC5E07008A0E97 /* NavitionBar */,
				205DCF891BAC4B28006AA13A /* IndexView */,
				205DCF751BAC481F006AA13A /* AppDelegate.h */,
				205DCF761BAC481F006AA13A /* AppDelegate.m */,
				205DCF8E1BAC4D58006AA13A /* PrefixHeader.pch */,
				205DCF7B1BAC481F006AA13A /* Main.storyboard */,
				205DCF7E1BAC481F006AA13A /* Assets.xcassets */,
				205DCF831BAC481F006AA13A /* Info.plist */,
				205DCF731BAC481F006AA13A /* main.m */,
				204281B21BAD6C0E0098EF8B /* Launch Screen.xib */,
			);
			name = "Supporting Files";
			sourceTree = "<group>";
		};
		205DCF891BAC4B28006AA13A /* IndexView */ = {
			isa = PBXGroup;
			children = (
				205DCF8A1BAC4BDB006AA13A /* HomeindexView.h */,
				205DCF8B1BAC4BDB006AA13A /* HomeindexView.m */,
			);
			path = IndexView;
			sourceTree = "<group>";
		};
		207312541BAC56F1008A0E97 /* Images */ = {
			isa = PBXGroup;
			children = (
				207312701BAC81CC008A0E97 /* homeImage */,
				207312551BAC5704008A0E97 /* indexImage */,
			);
			path = Images;
			sourceTree = "<group>";
		};
		207312551BAC5704008A0E97 /* indexImage */ = {
			isa = PBXGroup;
			children = (
				2073125E1BAC5D20008A0E97 /* b@2x.png */,
				207312561BAC5721008A0E97 /* 1.png */,
				207312571BAC5721008A0E97 /* 2.png */,
				207312581BAC5721008A0E97 /* 3.png */,
				207312591BAC5721008A0E97 /* 4.png */,
			);
			path = indexImage;
			sourceTree = "<group>";
		};
		207312601BAC5E07008A0E97 /* NavitionBar */ = {
			isa = PBXGroup;
			children = (
				207312611BAC5EA0008A0E97 /* BaseTabBarViewController.h */,
				207312621BAC5EA0008A0E97 /* BaseTabBarViewController.m */,
				207312661BAC7356008A0E97 /* BaseNavigationViewController.h */,
				207312671BAC7356008A0E97 /* BaseNavigationViewController.m */,
				201C8CBF1BAD0668009469C0 /* BaseViewController.h */,
				201C8CC01BAD0668009469C0 /* BaseViewController.m */,
			);
			path = NavitionBar;
			sourceTree = "<group>";
		};
		207312641BAC7255008A0E97 /* Controller */ = {
			isa = PBXGroup;
			children = (
				207312651BAC72CC008A0E97 /* Home_首页 */,
				2073126C1BAC7FA4008A0E97 /* Home_第二页 */,
				207312811BAC8300008A0E97 /* Home_第三页 */,
				207312821BAC8300008A0E97 /* Home_第四页 */,
			);
			path = Controller;
			sourceTree = "<group>";
		};
		207312651BAC72CC008A0E97 /* Home_首页 */ = {
			isa = PBXGroup;
			children = (
				207312691BAC737B008A0E97 /* HomePageViewController.h */,
				2073126A1BAC737B008A0E97 /* HomePageViewController.m */,
				201C8CC21BAD07E8009469C0 /* dViewViewController.h */,
				201C8CC31BAD07E8009469C0 /* dViewViewController.m */,
			);
			name = "Home_首页";
			path = HomePage;
			sourceTree = "<group>";
		};
		2073126C1BAC7FA4008A0E97 /* Home_第二页 */ = {
			isa = PBXGroup;
			children = (
				2073126D1BAC7FF9008A0E97 /* HomePage2ViewController.h */,
				2073126E1BAC7FF9008A0E97 /* HomePage2ViewController.m */,
			);
			name = "Home_第二页";
			path = HomePage2;
			sourceTree = "<group>";
		};
		207312701BAC81CC008A0E97 /* homeImage */ = {
			isa = PBXGroup;
			children = (
				20F1DBAA1BAD628000B1836D /* navi_default_back@2x.png */,
				2073127B1BAC8260008A0E97 /* bottom_tx_ip6.png */,
				2073127C1BAC8260008A0E97 /* bottom_tx_ip6p.png */,
				2073127D1BAC8260008A0E97 /* bottom_tx.png */,
				207312711BAC821A008A0E97 /* bgcolor.png */,
				207312721BAC821A008A0E97 /* bottom_d@2x.png */,
				207312731BAC821A008A0E97 /* bottom_h@2x.png */,
				207312741BAC821A008A0E97 /* bottom_m@2x.png */,
				207312751BAC821A008A0E97 /* bottom_s@2x.png */,
			);
			path = homeImage;
			sourceTree = "<group>";
		};
		207312811BAC8300008A0E97 /* Home_第三页 */ = {
			isa = PBXGroup;
			children = (
				207312831BAC8351008A0E97 /* HomePage3ViewController.h */,
				207312841BAC8351008A0E97 /* HomePage3ViewController.m */,
			);
			name = "Home_第三页";
			path = HomePage3;
			sourceTree = "<group>";
		};
		207312821BAC8300008A0E97 /* Home_第四页 */ = {
			isa = PBXGroup;
			children = (
				207312861BAC8361008A0E97 /* HomePage4ViewController.h */,
				207312871BAC8361008A0E97 /* HomePage4ViewController.m */,
			);
			name = "Home_第四页";
			path = HomePage4;
			sourceTree = "<group>";
		};
		2D2B2161AC63C599ABF3A637 /* Frameworks */ = {
			isa = PBXGroup;
			children = (
				8D2941A3B3720A5C90485765 /* libPods.a */,
			);
			name = Frameworks;
			sourceTree = "<group>";
		};
		7DC964754C7DC9079EE3A18D /* Pods */ = {
			isa = PBXGroup;
			children = (
				D6780282194FB1C6DB7601B6 /* Pods.debug.xcconfig */,
				18AD1CCFEAA5B3F4772A1FE4 /* Pods.release.xcconfig */,
			);
			name = Pods;
			sourceTree = "<group>";
		};
/* End PBXGroup section */

/* Begin PBXNativeTarget section */
		205DCF6E1BAC481F006AA13A /* PlamHome */ = {
			isa = PBXNativeTarget;
			buildConfigurationList = 205DCF861BAC481F006AA13A /* Build configuration list for PBXNativeTarget "PlamHome" */;
			buildPhases = (
				9FF0F1400D54E35D25CB54F3 /* Check Pods Manifest.lock */,
				205DCF6B1BAC481F006AA13A /* Sources */,
				205DCF6C1BAC481F006AA13A /* Frameworks */,
				205DCF6D1BAC481F006AA13A /* Resources */,
				804C020C77F59CE0F8CB3A5E /* Copy Pods Resources */,
			);
			buildRules = (
			);
			dependencies = (
			);
			name = PlamHome;
			productName = PlamHome;
			productReference = 205DCF6F1BAC481F006AA13A /* PlamHome.app */;
			productType = "com.apple.product-type.application";
		};
/* End PBXNativeTarget section */

/* Begin PBXProject section */
		205DCF671BAC481F006AA13A /* Project object */ = {
			isa = PBXProject;
			attributes = {
				LastUpgradeCheck = 0700;
				ORGANIZATIONNAME = Evan;
				TargetAttributes = {
					205DCF6E1BAC481F006AA13A = {
						CreatedOnToolsVersion = 7.0;
					};
				};
			};
			buildConfigurationList = 205DCF6A1BAC481F006AA13A /* Build configuration list for PBXProject "PlamHome" */;
			compatibilityVersion = "Xcode 3.2";
			developmentRegion = English;
			hasScannedForEncodings = 0;
			knownRegions = (
				en,
				Base,
			);
			mainGroup = 205DCF661BAC481F006AA13A;
			productRefGroup = 205DCF701BAC481F006AA13A /* Products */;
			projectDirPath = "";
			projectRoot = "";
			targets = (
				205DCF6E1BAC481F006AA13A /* PlamHome */,
			);
		};
/* End PBXProject section */

/* Begin PBXResourcesBuildPhase section */
		205DCF6D1BAC481F006AA13A /* Resources */ = {
			isa = PBXResourcesBuildPhase;
			buildActionMask = 2147483647;
			files = (
				207312801BAC8260008A0E97 /* bottom_tx.png in Resources */,
				207312791BAC821A008A0E97 /* bottom_m@2x.png in Resources */,
				2073127A1BAC821A008A0E97 /* bottom_s@2x.png in Resources */,
				2073127F1BAC8260008A0E97 /* bottom_tx_ip6p.png in Resources */,
				2073125D1BAC5721008A0E97 /* 4.png in Resources */,
				20F1DBAB1BAD628000B1836D /* navi_default_back@2x.png in Resources */,
				2073125A1BAC5721008A0E97 /* 1.png in Resources */,
				207312761BAC821A008A0E97 /* bgcolor.png in Resources */,
				2073125B1BAC5721008A0E97 /* 2.png in Resources */,
				204281B31BAD6C0E0098EF8B /* Launch Screen.xib in Resources */,
				2073125C1BAC5721008A0E97 /* 3.png in Resources */,
				207312781BAC821A008A0E97 /* bottom_h@2x.png in Resources */,
				205DCF7F1BAC481F006AA13A /* Assets.xcassets in Resources */,
				205DCF7D1BAC481F006AA13A /* Main.storyboard in Resources */,
				207312771BAC821A008A0E97 /* bottom_d@2x.png in Resources */,
				2073127E1BAC8260008A0E97 /* bottom_tx_ip6.png in Resources */,
				2073125F1BAC5D20008A0E97 /* b@2x.png in Resources */,
			);
			runOnlyForDeploymentPostprocessing = 0;
		};
/* End PBXResourcesBuildPhase section */

/* Begin PBXShellScriptBuildPhase section */
		804C020C77F59CE0F8CB3A5E /* Copy Pods Resources */ = {
			isa = PBXShellScriptBuildPhase;
			buildActionMask = 2147483647;
			files = (
			);
			inputPaths = (
			);
			name = "Copy Pods Resources";
			outputPaths = (
			);
			runOnlyForDeploymentPostprocessing = 0;
			shellPath = /bin/sh;
			shellScript = "\"${SRCROOT}/Pods/Target Support Files/Pods/Pods-resources.sh\"\n";
			showEnvVarsInLog = 0;
		};
		9FF0F1400D54E35D25CB54F3 /* Check Pods Manifest.lock */ = {
			isa = PBXShellScriptBuildPhase;
			buildActionMask = 2147483647;
			files = (
			);
			inputPaths = (
			);
			name = "Check Pods Manifest.lock";
			outputPaths = (
			);
			runOnlyForDeploymentPostprocessing = 0;
			shellPath = /bin/sh;
			shellScript = "diff \"${PODS_ROOT}/../Podfile.lock\" \"${PODS_ROOT}/Manifest.lock\" > /dev/null\nif [[ $? != 0 ]] ; then\n    cat << EOM\nerror: The sandbox is not in sync with the Podfile.lock. Run 'pod install' or update your CocoaPods installation.\nEOM\n    exit 1\nfi\n";
			showEnvVarsInLog = 0;
		};
/* End PBXShellScriptBuildPhase section */

/* Begin PBXSourcesBuildPhase section */
		205DCF6B1BAC481F006AA13A /* Sources */ = {
			isa = PBXSourcesBuildPhase;
			buildActionMask = 2147483647;
			files = (
				207312681BAC7356008A0E97 /* BaseNavigationViewController.m in Sources */,
				201C8CC11BAD0668009469C0 /* BaseViewController.m in Sources */,
				205DCF8C1BAC4BDB006AA13A /* HomeindexView.m in Sources */,
				2073126F1BAC7FF9008A0E97 /* HomePage2ViewController.m in Sources */,
				207312631BAC5EA0008A0E97 /* BaseTabBarViewController.m in Sources */,
				201C8CC41BAD07E8009469C0 /* dViewViewController.m in Sources */,
				2073126B1BAC737B008A0E97 /* HomePageViewController.m in Sources */,
				207312851BAC8351008A0E97 /* HomePage3ViewController.m in Sources */,
				207312881BAC8361008A0E97 /* HomePage4ViewController.m in Sources */,
				205DCF771BAC481F006AA13A /* AppDelegate.m in Sources */,
				205DCF741BAC481F006AA13A /* main.m in Sources */,
			);
			runOnlyForDeploymentPostprocessing = 0;
		};
/* End PBXSourcesBuildPhase section */

/* Begin PBXVariantGroup section */
		205DCF7B1BAC481F006AA13A /* Main.storyboard */ = {
			isa = PBXVariantGroup;
			children = (
				205DCF7C1BAC481F006AA13A /* Base */,
			);
			name = Main.storyboard;
			sourceTree = "<group>";
		};
/* End PBXVariantGroup section */

/* Begin XCBuildConfiguration section */
		205DCF841BAC481F006AA13A /* Debug */ = {
			isa = XCBuildConfiguration;
			buildSettings = {
				ALWAYS_SEARCH_USER_PATHS = NO;
				CLANG_CXX_LANGUAGE_STANDARD = "gnu++0x";
				CLANG_CXX_LIBRARY = "libc++";
				CLANG_ENABLE_MODULES = YES;
				CLANG_ENABLE_OBJC_ARC = YES;
				CLANG_WARN_BOOL_CONVERSION = YES;
				CLANG_WARN_CONSTANT_CONVERSION = YES;
				CLANG_WARN_DIRECT_OBJC_ISA_USAGE = YES_ERROR;
				CLANG_WARN_EMPTY_BODY = YES;
				CLANG_WARN_ENUM_CONVERSION = YES;
				CLANG_WARN_INT_CONVERSION = YES;
				CLANG_WARN_OBJC_ROOT_CLASS = YES_ERROR;
				CLANG_WARN_UNREACHABLE_CODE = YES;
				CLANG_WARN__DUPLICATE_METHOD_MATCH = YES;
				"CODE_SIGN_IDENTITY[sdk=iphoneos*]" = "iPhone Developer";
				COPY_PHASE_STRIP = NO;
				DEBUG_INFORMATION_FORMAT = dwarf;
				ENABLE_STRICT_OBJC_MSGSEND = YES;
				ENABLE_TESTABILITY = YES;
				GCC_C_LANGUAGE_STANDARD = gnu99;
				GCC_DYNAMIC_NO_PIC = NO;
				GCC_NO_COMMON_BLOCKS = YES;
				GCC_OPTIMIZATION_LEVEL = 0;
				GCC_PREPROCESSOR_DEFINITIONS = (
					"DEBUG=1",
					"$(inherited)",
				);
				GCC_WARN_64_TO_32_BIT_CONVERSION = YES;
				GCC_WARN_ABOUT_RETURN_TYPE = YES_ERROR;
				GCC_WARN_UNDECLARED_SELECTOR = YES;
				GCC_WARN_UNINITIALIZED_AUTOS = YES_AGGRESSIVE;
				GCC_WARN_UNUSED_FUNCTION = YES;
				GCC_WARN_UNUSED_VARIABLE = YES;
				IPHONEOS_DEPLOYMENT_TARGET = 9.0;
				MTL_ENABLE_DEBUG_INFO = YES;
				ONLY_ACTIVE_ARCH = YES;
				SDKROOT = iphoneos;
			};
			name = Debug;
		};
		205DCF851BAC481F006AA13A /* Release */ = {
			isa = XCBuildConfiguration;
			buildSettings = {
				ALWAYS_SEARCH_USER_PATHS = NO;
				CLANG_CXX_LANGUAGE_STANDARD = "gnu++0x";
				CLANG_CXX_LIBRARY = "libc++";
				CLANG_ENABLE_MODULES = YES;
				CLANG_ENABLE_OBJC_ARC = YES;
				CLANG_WARN_BOOL_CONVERSION = YES;
				CLANG_WARN_CONSTANT_CONVERSION = YES;
				CLANG_WARN_DIRECT_OBJC_ISA_USAGE = YES_ERROR;
				CLANG_WARN_EMPTY_BODY = YES;
				CLANG_WARN_ENUM_CONVERSION = YES;
				CLANG_WARN_INT_CONVERSION = YES;
				CLANG_WARN_OBJC_ROOT_CLASS = YES_ERROR;
				CLANG_WARN_UNREACHABLE_CODE = YES;
				CLANG_WARN__DUPLICATE_METHOD_MATCH = YES;
				"CODE_SIGN_IDENTITY[sdk=iphoneos*]" = "iPhone Developer";
				COPY_PHASE_STRIP = NO;
				DEBUG_INFORMATION_FORMAT = "dwarf-with-dsym";
				ENABLE_NS_ASSERTIONS = NO;
				ENABLE_STRICT_OBJC_MSGSEND = YES;
				GCC_C_LANGUAGE_STANDARD = gnu99;
				GCC_NO_COMMON_BLOCKS = YES;
				GCC_WARN_64_TO_32_BIT_CONVERSION = YES;
				GCC_WARN_ABOUT_RETURN_TYPE = YES_ERROR;
				GCC_WARN_UNDECLARED_SELECTOR = YES;
				GCC_WARN_UNINITIALIZED_AUTOS = YES_AGGRESSIVE;
				GCC_WARN_UNUSED_FUNCTION = YES;
				GCC_WARN_UNUSED_VARIABLE = YES;
				IPHONEOS_DEPLOYMENT_TARGET = 9.0;
				MTL_ENABLE_DEBUG_INFO = NO;
				SDKROOT = iphoneos;
				VALIDATE_PRODUCT = YES;
			};
			name = Release;
		};
		205DCF871BAC481F006AA13A /* Debug */ = {
			isa = XCBuildConfiguration;
			baseConfigurationReference = D6780282194FB1C6DB7601B6 /* Pods.debug.xcconfig */;
			buildSettings = {
				ASSETCATALOG_COMPILER_APPICON_NAME = AppIcon;
				GCC_PRECOMPILE_PREFIX_HEADER = YES;
				GCC_PREFIX_HEADER = PlamHome/PrefixHeader.pch;
				INFOPLIST_FILE = PlamHome/Info.plist;
				IPHONEOS_DEPLOYMENT_TARGET = 7.0;
				LD_RUNPATH_SEARCH_PATHS = "$(inherited) @executable_path/Frameworks";
				PRODUCT_BUNDLE_IDENTIFIER = com.jade.PlamHome;
				PRODUCT_NAME = "$(TARGET_NAME)";
			};
			name = Debug;
		};
		205DCF881BAC481F006AA13A /* Release */ = {
			isa = XCBuildConfiguration;
			baseConfigurationReference = 18AD1CCFEAA5B3F4772A1FE4 /* Pods.release.xcconfig */;
			buildSettings = {
				ASSETCATALOG_COMPILER_APPICON_NAME = AppIcon;
				GCC_PRECOMPILE_PREFIX_HEADER = YES;
				GCC_PREFIX_HEADER = PlamHome/PrefixHeader.pch;
				INFOPLIST_FILE = PlamHome/Info.plist;
				IPHONEOS_DEPLOYMENT_TARGET = 7.0;
				LD_RUNPATH_SEARCH_PATHS = "$(inherited) @executable_path/Frameworks";
				PRODUCT_BUNDLE_IDENTIFIER = com.jade.PlamHome;
				PRODUCT_NAME = "$(TARGET_NAME)";
			};
			name = Release;
		};
/* End XCBuildConfiguration section */

/* Begin XCConfigurationList section */
		205DCF6A1BAC481F006AA13A /* Build configuration list for PBXProject "PlamHome" */ = {
			isa = XCConfigurationList;
			buildConfigurations = (
				205DCF841BAC481F006AA13A /* Debug */,
				205DCF851BAC481F006AA13A /* Release */,
			);
			defaultConfigurationIsVisible = 0;
			defaultConfigurationName = Release;
		};
		205DCF861BAC481F006AA13A /* Build configuration list for PBXNativeTarget "PlamHome" */ = {
			isa = XCConfigurationList;
			buildConfigurations = (
				205DCF871BAC481F006AA13A /* Debug */,
				205DCF881BAC481F006AA13A /* Release */,
			);
			defaultConfigurationIsVisible = 0;
			defaultConfigurationName = Release;
		};
/* End XCConfigurationList section */
	};
	rootObject = 205DCF671BAC481F006AA13A /* Project object */;
}
